// !$*UTF8*$!
{
	archiveVersion = 1;
	classes = {
	};
	objectVersion = 46;
	objects = {

/* Begin PBXBuildFile section */
		A642E9031F308B130002407D /* ObjectMapper.framework in Frameworks */ = {isa = PBXBuildFile; fileRef = A642E9021F308B130002407D /* ObjectMapper.framework */; };
		A642E9061F308BCE0002407D /* BloodResponse.swift in Sources */ = {isa = PBXBuildFile; fileRef = A642E9051F308BCE0002407D /* BloodResponse.swift */; };
		A642E90A1F30917B0002407D /* AlamofireObjectMapper.framework in Frameworks */ = {isa = PBXBuildFile; fileRef = A642E9081F30917B0002407D /* AlamofireObjectMapper.framework */; };
		A642E9111F30977D0002407D /* Alamofire.framework in Frameworks */ = {isa = PBXBuildFile; fileRef = A642E9071F30917B0002407D /* Alamofire.framework */; };
		A6A336F91E754ACB00B842E6 /* Main.storyboard in Resources */ = {isa = PBXBuildFile; fileRef = A6A336F71E754ACB00B842E6 /* Main.storyboard */; };
		A6A336FB1E754ACB00B842E6 /* Assets.xcassets in Resources */ = {isa = PBXBuildFile; fileRef = A6A336FA1E754ACB00B842E6 /* Assets.xcassets */; };
		A6A336FE1E754ACB00B842E6 /* LaunchScreen.storyboard in Resources */ = {isa = PBXBuildFile; fileRef = A6A336FC1E754ACB00B842E6 /* LaunchScreen.storyboard */; };
		A6A337081E754F1700B842E6 /* AppDelegate.swift in Sources */ = {isa = PBXBuildFile; fileRef = A6A337061E754F1700B842E6 /* AppDelegate.swift */; };
		A6A3370A1E754F2E00B842E6 /* BloodStoreViewController.swift in Sources */ = {isa = PBXBuildFile; fileRef = A6A337091E754F2E00B842E6 /* BloodStoreViewController.swift */; };
		A6A3370C1E75505200B842E6 /* BloodStoreCellTableViewCell.swift in Sources */ = {isa = PBXBuildFile; fileRef = A6A3370B1E75505200B842E6 /* BloodStoreCellTableViewCell.swift */; };
		A6A337101E7551B900B842E6 /* BloodInfo.swift in Sources */ = {isa = PBXBuildFile; fileRef = A6A3370F1E7551B900B842E6 /* BloodInfo.swift */; };
		A6A337131E75715400B842E6 /* SessionTask.swift in Sources */ = {isa = PBXBuildFile; fileRef = A6A337121E75715400B842E6 /* SessionTask.swift */; };
		A6A337161E7576E300B842E6 /* SwiftyJSON.swift in Sources */ = {isa = PBXBuildFile; fileRef = A6A337151E7576E300B842E6 /* SwiftyJSON.swift */; };
/* End PBXBuildFile section */

/* Begin PBXFileReference section */
		A642E8F61F3088420002407D /* ObjectMapper.framework */ = {isa = PBXFileReference; lastKnownFileType = wrapper.framework; name = ObjectMapper.framework; path = ../Carthage/Build/iOS/ObjectMapper.framework; sourceTree = "<group>"; };
		A642E8FE1F30895C0002407D /* ObjectMapper.framework */ = {isa = PBXFileReference; lastKnownFileType = wrapper.framework; name = ObjectMapper.framework; path = ../Carthage/Build/watchOS/ObjectMapper.framework; sourceTree = "<group>"; };
		A642E9021F308B130002407D /* ObjectMapper.framework */ = {isa = PBXFileReference; lastKnownFileType = wrapper.framework; name = ObjectMapper.framework; path = Carthage/Build/iOS/ObjectMapper.framework; sourceTree = "<group>"; };
		A642E9051F308BCE0002407D /* BloodResponse.swift */ = {isa = PBXFileReference; fileEncoding = 4; lastKnownFileType = sourcecode.swift; path = BloodResponse.swift; sourceTree = "<group>"; };
		A642E9071F30917B0002407D /* Alamofire.framework */ = {isa = PBXFileReference; lastKnownFileType = wrapper.framework; name = Alamofire.framework; path = Carthage/Build/iOS/Alamofire.framework; sourceTree = "<group>"; };
		A642E9081F30917B0002407D /* AlamofireObjectMapper.framework */ = {isa = PBXFileReference; lastKnownFileType = wrapper.framework; name = AlamofireObjectMapper.framework; path = Carthage/Build/iOS/AlamofireObjectMapper.framework; sourceTree = "<group>"; };
		A642E9131F30BB670002407D /* MBProgressHUD.framework */ = {isa = PBXFileReference; lastKnownFileType = wrapper.framework; name = MBProgressHUD.framework; path = Carthage/Build/iOS/MBProgressHUD.framework; sourceTree = "<group>"; };
		A6A336F01E754ACB00B842E6 /* BloodDonated.app */ = {isa = PBXFileReference; explicitFileType = wrapper.application; includeInIndex = 0; path = BloodDonated.app; sourceTree = BUILT_PRODUCTS_DIR; };
		A6A336F81E754ACB00B842E6 /* Base */ = {isa = PBXFileReference; lastKnownFileType = file.storyboard; name = Base; path = Base.lproj/Main.storyboard; sourceTree = "<group>"; };
		A6A336FA1E754ACB00B842E6 /* Assets.xcassets */ = {isa = PBXFileReference; lastKnownFileType = folder.assetcatalog; path = Assets.xcassets; sourceTree = "<group>"; };
		A6A336FD1E754ACB00B842E6 /* Base */ = {isa = PBXFileReference; lastKnownFileType = file.storyboard; name = Base; path = Base.lproj/LaunchScreen.storyboard; sourceTree = "<group>"; };
		A6A336FF1E754ACB00B842E6 /* Info.plist */ = {isa = PBXFileReference; lastKnownFileType = text.plist.xml; path = Info.plist; sourceTree = "<group>"; };
		A6A337061E754F1700B842E6 /* AppDelegate.swift */ = {isa = PBXFileReference; fileEncoding = 4; lastKnownFileType = sourcecode.swift; path = AppDelegate.swift; sourceTree = "<group>"; };
		A6A337091E754F2E00B842E6 /* BloodStoreViewController.swift */ = {isa = PBXFileReference; fileEncoding = 4; lastKnownFileType = sourcecode.swift; path = BloodStoreViewController.swift; sourceTree = "<group>"; };
		A6A3370B1E75505200B842E6 /* BloodStoreCellTableViewCell.swift */ = {isa = PBXFileReference; fileEncoding = 4; lastKnownFileType = sourcecode.swift; path = BloodStoreCellTableViewCell.swift; sourceTree = "<group>"; };
		A6A3370F1E7551B900B842E6 /* BloodInfo.swift */ = {isa = PBXFileReference; fileEncoding = 4; lastKnownFileType = sourcecode.swift; path = BloodInfo.swift; sourceTree = "<group>"; };
		A6A337121E75715400B842E6 /* SessionTask.swift */ = {isa = PBXFileReference; fileEncoding = 4; lastKnownFileType = sourcecode.swift; path = SessionTask.swift; sourceTree = "<group>"; };
		A6A337151E7576E300B842E6 /* SwiftyJSON.swift */ = {isa = PBXFileReference; fileEncoding = 4; lastKnownFileType = sourcecode.swift; path = SwiftyJSON.swift; sourceTree = "<group>"; };
/* End PBXFileReference section */

/* Begin PBXFrameworksBuildPhase section */
		A6A336ED1E754ACA00B842E6 /* Frameworks */ = {
			isa = PBXFrameworksBuildPhase;
			buildActionMask = 2147483647;
			files = (
				A642E9111F30977D0002407D /* Alamofire.framework in Frameworks */,
				A642E90A1F30917B0002407D /* AlamofireObjectMapper.framework in Frameworks */,
				A642E9031F308B130002407D /* ObjectMapper.framework in Frameworks */,
			);
			runOnlyForDeploymentPostprocessing = 0;
		};
/* End PBXFrameworksBuildPhase section */

/* Begin PBXGroup section */
		A642E8F51F3088410002407D /* Frameworks */ = {
			isa = PBXGroup;
			children = (
				A642E9131F30BB670002407D /* MBProgressHUD.framework */,
				A642E9071F30917B0002407D /* Alamofire.framework */,
				A642E9081F30917B0002407D /* AlamofireObjectMapper.framework */,
				A642E9021F308B130002407D /* ObjectMapper.framework */,
				A642E8FE1F30895C0002407D /* ObjectMapper.framework */,
				A642E8F61F3088420002407D /* ObjectMapper.framework */,
			);
			name = Frameworks;
			sourceTree = "<group>";
		};
		A642E9041F308BBA0002407D /* API */ = {
			isa = PBXGroup;
			children = (
				A642E9051F308BCE0002407D /* BloodResponse.swift */,
			);
			path = API;
			sourceTree = "<group>";
		};
		A6A336E71E754ACA00B842E6 = {
			isa = PBXGroup;
			children = (
				A6A336F21E754ACB00B842E6 /* BloodDonated */,
				A6A336F11E754ACB00B842E6 /* Products */,
				A642E8F51F3088410002407D /* Frameworks */,
			);
			sourceTree = "<group>";
		};
		A6A336F11E754ACB00B842E6 /* Products */ = {
			isa = PBXGroup;
			children = (
				A6A336F01E754ACB00B842E6 /* BloodDonated.app */,
			);
			name = Products;
			sourceTree = "<group>";
		};
		A6A336F21E754ACB00B842E6 /* BloodDonated */ = {
			isa = PBXGroup;
			children = (
				A6A337051E754F1700B842E6 /* Class */,
				A6A336F71E754ACB00B842E6 /* Main.storyboard */,
				A6A336FA1E754ACB00B842E6 /* Assets.xcassets */,
				A6A336FC1E754ACB00B842E6 /* LaunchScreen.storyboard */,
				A6A336FF1E754ACB00B842E6 /* Info.plist */,
			);
			path = BloodDonated;
			sourceTree = "<group>";
		};
		A6A337051E754F1700B842E6 /* Class */ = {
			isa = PBXGroup;
			children = (
				A6A337061E754F1700B842E6 /* AppDelegate.swift */,
				A6A337111E75712A00B842E6 /* Session */,
				A6A3370D1E7551A200B842E6 /* Data */,
				A6A3370E1E7551A200B842E6 /* ThirdParty */,
				A6A337071E754F1700B842E6 /* ViewControllers */,
			);
			path = Class;
			sourceTree = "<group>";
		};
		A6A337071E754F1700B842E6 /* ViewControllers */ = {
			isa = PBXGroup;
			children = (
				A6A337091E754F2E00B842E6 /* BloodStoreViewController.swift */,
				A6A3370B1E75505200B842E6 /* BloodStoreCellTableViewCell.swift */,
			);
			path = ViewControllers;
			sourceTree = "<group>";
		};
		A6A3370D1E7551A200B842E6 /* Data */ = {
			isa = PBXGroup;
			children = (
				A642E9041F308BBA0002407D /* API */,
				A6A3370F1E7551B900B842E6 /* BloodInfo.swift */,
			);
			path = Data;
			sourceTree = "<group>";
		};
		A6A3370E1E7551A200B842E6 /* ThirdParty */ = {
			isa = PBXGroup;
			children = (
				A6A337141E7576E300B842E6 /* SwiftJson */,
			);
			path = ThirdParty;
			sourceTree = "<group>";
		};
		A6A337111E75712A00B842E6 /* Session */ = {
			isa = PBXGroup;
			children = (
				A6A337121E75715400B842E6 /* SessionTask.swift */,
			);
			path = Session;
			sourceTree = "<group>";
		};
		A6A337141E7576E300B842E6 /* SwiftJson */ = {
			isa = PBXGroup;
			children = (
				A6A337151E7576E300B842E6 /* SwiftyJSON.swift */,
			);
			path = SwiftJson;
			sourceTree = "<group>";
		};
/* End PBXGroup section */

/* Begin PBXNativeTarget section */
		A6A336EF1E754ACA00B842E6 /* BloodDonated */ = {
			isa = PBXNativeTarget;
			buildConfigurationList = A6A337021E754ACB00B842E6 /* Build configuration list for PBXNativeTarget "BloodDonated" */;
			buildPhases = (
				A6A336EC1E754ACA00B842E6 /* Sources */,
				A6A336ED1E754ACA00B842E6 /* Frameworks */,
				A6A336EE1E754ACA00B842E6 /* Resources */,
				A642E8F81F3088670002407D /* ShellScript */,
			);
			buildRules = (
			);
			dependencies = (
			);
			name = BloodDonated;
			productName = BloodDonated;
			productReference = A6A336F01E754ACB00B842E6 /* BloodDonated.app */;
			productType = "com.apple.product-type.application";
		};
/* End PBXNativeTarget section */

/* Begin PBXProject section */
		A6A336E81E754ACA00B842E6 /* Project object */ = {
			isa = PBXProject;
			attributes = {
				LastSwiftUpdateCheck = 0820;
				LastUpgradeCheck = 0820;
				ORGANIZATIONNAME = Nigel;
				TargetAttributes = {
					A6A336EF1E754ACA00B842E6 = {
						CreatedOnToolsVersion = 8.2.1;
						ProvisioningStyle = Automatic;
					};
				};
			};
			buildConfigurationList = A6A336EB1E754ACA00B842E6 /* Build configuration list for PBXProject "BloodDonated" */;
			compatibilityVersion = "Xcode 3.2";
			developmentRegion = English;
			hasScannedForEncodings = 0;
			knownRegions = (
				en,
				Base,
			);
			mainGroup = A6A336E71E754ACA00B842E6;
			productRefGroup = A6A336F11E754ACB00B842E6 /* Products */;
			projectDirPath = "";
			projectRoot = "";
			targets = (
				A6A336EF1E754ACA00B842E6 /* BloodDonated */,
			);
		};
/* End PBXProject section */

/* Begin PBXResourcesBuildPhase section */
		A6A336EE1E754ACA00B842E6 /* Resources */ = {
			isa = PBXResourcesBuildPhase;
			buildActionMask = 2147483647;
			files = (
				A6A336FE1E754ACB00B842E6 /* LaunchScreen.storyboard in Resources */,
				A6A336FB1E754ACB00B842E6 /* Assets.xcassets in Resources */,
				A6A336F91E754ACB00B842E6 /* Main.storyboard in Resources */,
			);
			runOnlyForDeploymentPostprocessing = 0;
		};
/* End PBXResourcesBuildPhase section */

/* Begin PBXShellScriptBuildPhase section */
		A642E8F81F3088670002407D /* ShellScript */ = {
			isa = PBXShellScriptBuildPhase;
			buildActionMask = 2147483647;
			files = (
			);
			inputPaths = (
				"$(SRCROOT)/Carthage/Build/iOS/ObjectMapper.framework",
				"$(SRCROOT)/Carthage/Build/iOS/Alamofire.framework",
				"$(SRCROOT)/Carthage/Build/iOS/AlamofireObjectMapper.framework",
			);
			outputPaths = (
			);
			runOnlyForDeploymentPostprocessing = 0;
			shellPath = /bin/sh;
			shellScript = "/usr/local/bin/carthage copy-frameworks\n";
		};
/* End PBXShellScriptBuildPhase section */

/* Begin PBXSourcesBuildPhase section */
		A6A336EC1E754ACA00B842E6 /* Sources */ = {
			isa = PBXSourcesBuildPhase;
			buildActionMask = 2147483647;
			files = (
				A6A337081E754F1700B842E6 /* AppDelegate.swift in Sources */,
				A6A3370C1E75505200B842E6 /* BloodStoreCellTableViewCell.swift in Sources */,
				A6A337101E7551B900B842E6 /* BloodInfo.swift in Sources */,
				A6A337161E7576E300B842E6 /* SwiftyJSON.swift in Sources */,
				A642E9061F308BCE0002407D /* BloodResponse.swift in Sources */,
				A6A337131E75715400B842E6 /* SessionTask.swift in Sources */,
				A6A3370A1E754F2E00B842E6 /* BloodStoreViewController.swift in Sources */,
			);
			runOnlyForDeploymentPostprocessing = 0;
		};
/* End PBXSourcesBuildPhase section */

/* Begin PBXVariantGroup section */
		A6A336F71E754ACB00B842E6 /* Main.storyboard */ = {
			isa = PBXVariantGroup;
			children = (
				A6A336F81E754ACB00B842E6 /* Base */,
			);
			name = Main.storyboard;
			sourceTree = "<group>";
		};
		A6A336FC1E754ACB00B842E6 /* LaunchScreen.storyboard */ = {
			isa = PBXVariantGroup;
			children = (
				A6A336FD1E754ACB00B842E6 /* Base */,
			);
			name = LaunchScreen.storyboard;
			sourceTree = "<group>";
		};
/* End PBXVariantGroup section */

/* Begin XCBuildConfiguration section */
		A6A337001E754ACB00B842E6 /* Debug */ = {
			isa = XCBuildConfiguration;
			buildSettings = {
				ALWAYS_SEARCH_USER_PATHS = NO;
				CLANG_ANALYZER_NONNULL = YES;
				CLANG_CXX_LANGUAGE_STANDARD = "gnu++0x";
				CLANG_CXX_LIBRARY = "libc++";
				CLANG_ENABLE_MODULES = YES;
				CLANG_ENABLE_OBJC_ARC = YES;
				CLANG_WARN_BOOL_CONVERSION = YES;
				CLANG_WARN_CONSTANT_CONVERSION = YES;
				CLANG_WARN_DIRECT_OBJC_ISA_USAGE = YES_ERROR;
				CLANG_WARN_DOCUMENTATION_COMMENTS = YES;
				CLANG_WARN_EMPTY_BODY = YES;
				CLANG_WARN_ENUM_CONVERSION = YES;
				CLANG_WARN_INFINITE_RECURSION = YES;
				CLANG_WARN_INT_CONVERSION = YES;
				CLANG_WARN_OBJC_ROOT_CLASS = YES_ERROR;
				CLANG_WARN_SUSPICIOUS_MOVE = YES;
				CLANG_WARN_UNREACHABLE_CODE = YES;
				CLANG_WARN__DUPLICATE_METHOD_MATCH = YES;
				"CODE_SIGN_IDENTITY[sdk=iphoneos*]" = "iPhone Developer";
				COPY_PHASE_STRIP = NO;
				DEBUG_INFORMATION_FORMAT = dwarf;
				ENABLE_STRICT_OBJC_MSGSEND = YES;
				ENABLE_TESTABILITY = YES;
				GCC_C_LANGUAGE_STANDARD = gnu99;
				GCC_DYNAMIC_NO_PIC = NO;
				GCC_NO_COMMON_BLOCKS = YES;
				GCC_OPTIMIZATION_LEVEL = 0;
				GCC_PREPROCESSOR_DEFINITIONS = (
					"DEBUG=1",
					"$(inherited)",
				);
				GCC_WARN_64_TO_32_BIT_CONVERSION = YES;
				GCC_WARN_ABOUT_RETURN_TYPE = YES_ERROR;
				GCC_WARN_UNDECLARED_SELECTOR = YES;
				GCC_WARN_UNINITIALIZED_AUTOS = YES_AGGRESSIVE;
				GCC_WARN_UNUSED_FUNCTION = YES;
				GCC_WARN_UNUSED_VARIABLE = YES;
				IPHONEOS_DEPLOYMENT_TARGET = 10.2;
				MTL_ENABLE_DEBUG_INFO = YES;
				ONLY_ACTIVE_ARCH = YES;
				SDKROOT = iphoneos;
				SWIFT_ACTIVE_COMPILATION_CONDITIONS = DEBUG;
				SWIFT_OPTIMIZATION_LEVEL = "-Onone";
				TARGETED_DEVICE_FAMILY = "1,2";
			};
			name = Debug;
		};
		A6A337011E754ACB00B842E6 /* Release */ = {
			isa = XCBuildConfiguration;
			buildSettings = {
				ALWAYS_SEARCH_USER_PATHS = NO;
				CLANG_ANALYZER_NONNULL = YES;
				CLANG_CXX_LANGUAGE_STANDARD = "gnu++0x";
				CLANG_CXX_LIBRARY = "libc++";
				CLANG_ENABLE_MODULES = YES;
				CLANG_ENABLE_OBJC_ARC = YES;
				CLANG_WARN_BOOL_CONVERSION = YES;
				CLANG_WARN_CONSTANT_CONVERSION = YES;
				CLANG_WARN_DIRECT_OBJC_ISA_USAGE = YES_ERROR;
				CLANG_WARN_DOCUMENTATION_COMMENTS = YES;
				CLANG_WARN_EMPTY_BODY = YES;
				CLANG_WARN_ENUM_CONVERSION = YES;
				CLANG_WARN_INFINITE_RECURSION = YES;
				CLANG_WARN_INT_CONVERSION = YES;
				CLANG_WARN_OBJC_ROOT_CLASS = YES_ERROR;
				CLANG_WARN_SUSPICIOUS_MOVE = YES;
				CLANG_WARN_UNREACHABLE_CODE = YES;
				CLANG_WARN__DUPLICATE_METHOD_MATCH = YES;
				"CODE_SIGN_IDENTITY[sdk=iphoneos*]" = "iPhone Developer";
				COPY_PHASE_STRIP = NO;
				DEBUG_INFORMATION_FORMAT = "dwarf-with-dsym";
				ENABLE_NS_ASSERTIONS = NO;
				ENABLE_STRICT_OBJC_MSGSEND = YES;
				GCC_C_LANGUAGE_STANDARD = gnu99;
				GCC_NO_COMMON_BLOCKS = YES;
				GCC_WARN_64_TO_32_BIT_CONVERSION = YES;
				GCC_WARN_ABOUT_RETURN_TYPE = YES_ERROR;
				GCC_WARN_UNDECLARED_SELECTOR = YES;
				GCC_WARN_UNINITIALIZED_AUTOS = YES_AGGRESSIVE;
				GCC_WARN_UNUSED_FUNCTION = YES;
				GCC_WARN_UNUSED_VARIABLE = YES;
				IPHONEOS_DEPLOYMENT_TARGET = 10.2;
				MTL_ENABLE_DEBUG_INFO = NO;
				SDKROOT = iphoneos;
				SWIFT_OPTIMIZATION_LEVEL = "-Owholemodule";
				TARGETED_DEVICE_FAMILY = "1,2";
				VALIDATE_PRODUCT = YES;
			};
			name = Release;
		};
		A6A337031E754ACB00B842E6 /* Debug */ = {
			isa = XCBuildConfiguration;
			buildSettings = {
				ASSETCATALOG_COMPILER_APPICON_NAME = AppIcon;
				FRAMEWORK_SEARCH_PATHS = (
					"$(inherited)",
					"$(PROJECT_DIR)/Carthage/Build/iOS",
				);
				INFOPLIST_FILE = BloodDonated/Info.plist;
				LD_RUNPATH_SEARCH_PATHS = "$(inherited) @executable_path/Frameworks";
				PRODUCT_BUNDLE_IDENTIFIER = Nigel.BloodDonated;
				PRODUCT_NAME = "$(TARGET_NAME)";
				SWIFT_VERSION = 3.0;
			};
			name = Debug;
		};
		A6A337041E754ACB00B842E6 /* Release */ = {
			isa = XCBuildConfiguration;
			buildSettings = {
				ASSETCATALOG_COMPILER_APPICON_NAME = AppIcon;
				FRAMEWORK_SEARCH_PATHS = (
					"$(inherited)",
					"$(PROJECT_DIR)/Carthage/Build/iOS",
				);
				INFOPLIST_FILE = BloodDonated/Info.plist;
				LD_RUNPATH_SEARCH_PATHS = "$(inherited) @executable_path/Frameworks";
				PRODUCT_BUNDLE_IDENTIFIER = Nigel.BloodDonated;
				PRODUCT_NAME = "$(TARGET_NAME)";
				SWIFT_VERSION = 3.0;
			};
			name = Release;
		};
/* End XCBuildConfiguration section */

/* Begin XCConfigurationList section */
		A6A336EB1E754ACA00B842E6 /* Build configuration list for PBXProject "BloodDonated" */ = {
			isa = XCConfigurationList;
			buildConfigurations = (
				A6A337001E754ACB00B842E6 /* Debug */,
				A6A337011E754ACB00B842E6 /* Release */,
			);
			defaultConfigurationIsVisible = 0;
			defaultConfigurationName = Release;
		};
		A6A337021E754ACB00B842E6 /* Build configuration list for PBXNativeTarget "BloodDonated" */ = {
			isa = XCConfigurationList;
			buildConfigurations = (
				A6A337031E754ACB00B842E6 /* Debug */,
				A6A337041E754ACB00B842E6 /* Release */,
			);
			defaultConfigurationIsVisible = 0;
			defaultConfigurationName = Release;
		};
/* End XCConfigurationList section */
	};
	rootObject = A6A336E81E754ACA00B842E6 /* Project object */;
}
